
Microsoft Visual Studio Solution File, Format Version 12.00
# Visual Studio Version 16
VisualStudioVersion = 16.0.33130.400
MinimumVisualStudioVersion = 10.0.40219.1
Project("{FAE04EC0-301F-11D3-BF4B-00C04F79EFBC}") = "HackerRank", "HackerRank\HackerRank.csproj", "{FE2EA9BF-A925-4EAA-B8D2-3B4ADC7134E1}"
EndProject
Global
	GlobalSection(SolutionConfigurationPlatforms) = preSolution
		Debug|Any CPU = Debug|Any CPU
		Release|Any CPU = Release|Any CPU
	EndGlobalSection
	GlobalSection(ProjectConfigurationPlatforms) = postSolution
		{FE2EA9BF-A925-4EAA-B8D2-3B4ADC7134E1}.Debug|Any CPU.ActiveCfg = Debug|Any CPU
		{FE2EA9BF-A925-4EAA-B8D2-3B4ADC7134E1}.Debug|Any CPU.Build.0 = Debug|Any CPU
		{FE2EA9BF-A925-4EAA-B8D2-3B4ADC7134E1}.Release|Any CPU.ActiveCfg = Release|Any CPU
		{FE2EA9BF-A925-4EAA-B8D2-3B4ADC7134E1}.Release|Any CPU.Build.0 = Release|Any CPU
	EndGlobalSection
	GlobalSection(SolutionProperties) = preSolution
		HideSolutionNode = FALSE
	EndGlobalSection
	GlobalSection(ExtensibilityGlobals) = postSolution
		SolutionGuid = {2E64A5A1-F183-4BC3-96AB-E7FE1BD7CF76}
	EndGlobalSection
EndGlobal
